# THIS IS AN AUTOGENERATED FILE. DO NOT EDIT THIS FILE DIRECTLY.
# yarn lockfile v1


"@babel/runtime@^7.14.6":
  version "7.16.7"
  resolved "https://registry.yarnpkg.com/@babel/runtime/-/runtime-7.16.7.tgz#03ff99f64106588c9c403c6ecb8c3bafbbdff1fa"
  integrity sha512-9E9FJowqAsytyOY6LG+1KuueckRL+aQW+mKvXRXnuFGyRAyepJPmEo9vgMfXUA6O9u3IeEdv9MAkppFcaQwogQ==
  dependencies:
    regenerator-runtime "^0.13.4"

"@html-to/text-cli@0.5.4":
  version "0.5.4"
  resolved "https://registry.yarnpkg.com/@html-to/text-cli/-/text-cli-0.5.4.tgz#f40804d139e0eaa43c923c3d845cbf1f8b133acf"
  integrity sha512-V7WDfiYjXcibHGD6q61oW8HD68UPvBVkKit0X+9v54nTmLe8KDCc+56STleqqP7CzuEK5f/1jqa652fnr9Pmsw==
  dependencies:
    "@selderee/plugin-htmlparser2" "^0.11.0"
    aspargvs "^0.6.0"
    deepmerge "^4.3.1"
    htmlparser2 "^8.0.2"
    selderee "^0.11.0"

"@selderee/plugin-htmlparser2@^0.11.0":
  version "0.11.0"
  resolved "https://registry.yarnpkg.com/@selderee/plugin-htmlparser2/-/plugin-htmlparser2-0.11.0.tgz#d5b5e29a7ba6d3958a1972c7be16f4b2c188c517"
  integrity sha512-P33hHGdldxGabLFjPPpaTxVolMrzrcegejx+0GxjrIb9Zv48D8yAIA/QTDR2dFl7Uz7urX8aX6+5bCZslr+gWQ==
  dependencies:
    domhandler "^5.0.3"
    selderee "^0.11.0"

abbrev@1:
  version "1.1.1"
  resolved "https://registry.yarnpkg.com/abbrev/-/abbrev-1.1.1.tgz#f8f2c887ad10bf67f634f005b6987fed3179aac8"
  integrity sha512-nne9/IiQ/hzIhY6pdDnbBtz7DjPTKrY00P/zvPSm5pOFkl6xuGrGnXn/VtTNNfNtAfZ9/1RtehkszU9qcTii0Q==

ansi-colors@^4.1.1:
  version "4.1.1"
  resolved "https://registry.yarnpkg.com/ansi-colors/-/ansi-colors-4.1.1.tgz#cbb9ae256bf750af1eab344f229aa27fe94ba348"
  integrity sha512-JoX0apGbHaUJBNl6yF+p6JAFYZ666/hhCGKN5t9QFjbJQKUU/g8MNbFDbvfrgKXvI1QpZplPOnwIo99lX/AAmA==

ansi-regex@^5.0.1:
  version "5.0.1"
  resolved "https://registry.yarnpkg.com/ansi-regex/-/ansi-regex-5.0.1.tgz#082cb2c89c9fe8659a311a53bd6a4dc5301db304"
  integrity sha512-quJQXlTSUGL2LH9SUXo8VwsY4soanhgo6LNSm84E1LBcE8s3O0wpdiRzyR9z/ZZJMlMWv37qOOb9pdJlMUEKFQ==

ansi-styles@^4.0.0:
  version "4.3.0"
  resolved "https://registry.yarnpkg.com/ansi-styles/-/ansi-styles-4.3.0.tgz#edd803628ae71c04c85ae7a0906edad34b648937"
  integrity sha512-zbB9rCJAT1rbjiVDb2hqKFHNYLxgtk8NURxZ3IZwD3F6NtxbXZQCnnSi1Lkx+IDohdPlFp222wVALIheZJQSEg==
  dependencies:
    color-convert "^2.0.1"

anymatch@~3.1.2:
  version "3.1.2"
  resolved "https://registry.yarnpkg.com/anymatch/-/anymatch-3.1.2.tgz#c0557c096af32f106198f4f4e2a383537e378716"
  integrity sha512-P43ePfOAIupkguHUycrc4qJ9kz8ZiuOUijaETwX7THt0Y/GNK7v0aa8rY816xWjZ7rJdA5XdMcpVFTKMq+RvWg==
  dependencies:
    normalize-path "^3.0.0"
    picomatch "^2.0.4"

aspargvs@^0.6.0:
  version "0.6.0"
  resolved "https://registry.yarnpkg.com/aspargvs/-/aspargvs-0.6.0.tgz#15991c35425b044cb99868b6b3cfa7e051a28424"
  integrity sha512-yUrWCd1hkK5UtDOne1gM3O+FoTFGQ+BVlSd4G7FczBz8+JaFn1uzvQzROxwp9hmlhIUtwSwyRuV9mHgd/WbXxg==
  dependencies:
    peberminta "^0.8.0"

balanced-match@^1.0.0:
  version "1.0.2"
  resolved "https://registry.yarnpkg.com/balanced-match/-/balanced-match-1.0.2.tgz#e83e3a7e3f300b34cb9d87f615fa0cbf357690ee"
  integrity sha512-3oSeUO0TMV67hN1AmbXsK4yaqU7tjiHlbxRDZOpH0KW9+CeX4bRAaX0Anxt0tx2MrpRpWwQaPwIlISEJhYU5Pw==

binary-extensions@^2.0.0:
  version "2.2.0"
  resolved "https://registry.yarnpkg.com/binary-extensions/-/binary-extensions-2.2.0.tgz#75f502eeaf9ffde42fc98829645be4ea76bd9e2d"
  integrity sha512-jDctJ/IVQbZoJykoeHbhXpOlNBqGNcwXJKJog42E5HDPUwQTSdjCHdihjj0DlnheQ7blbT6dHOafNAiS8ooQKA==

boolbase@^1.0.0:
  version "1.0.0"
  resolved "https://registry.yarnpkg.com/boolbase/-/boolbase-1.0.0.tgz#68dff5fbe60c51eb37725ea9e3ed310dcc1e776e"
  integrity sha1-aN/1++YMUes3cl6p4+0xDcwed24=

brace-expansion@^1.1.7:
  version "1.1.11"
  resolved "https://registry.yarnpkg.com/brace-expansion/-/brace-expansion-1.1.11.tgz#3c7fcbf529d87226f3d2f52b966ff5271eb441dd"
  integrity sha512-iCuPHDFgrHX7H2vEI/5xpz07zSHB00TpugqhmYtVmMO6518mCuRMoOYFldEBl0g187ufozdaHgWKcYFb61qGiA==
  dependencies:
    balanced-match "^1.0.0"
    concat-map "0.0.1"

braces@~3.0.2:
  version "3.0.2"
  resolved "https://registry.yarnpkg.com/braces/-/braces-3.0.2.tgz#3454e1a462ee8d599e236df336cd9ea4f8afe107"
  integrity sha512-b8um+L1RzM3WDSzvhm6gIz1yfTbBt6YTlcEKAvsmqCZZFw46z626lVj9j1yEPW33H5H+lBQpZMP1k8l+78Ha0A==
  dependencies:
    fill-range "^7.0.1"

camel-case@^3.0.0:
  version "3.0.0"
  resolved "https://registry.yarnpkg.com/camel-case/-/camel-case-3.0.0.tgz#ca3c3688a4e9cf3a4cda777dc4dcbc713249cf73"
  integrity sha1-yjw2iKTpzzpM2nd9xNy8cTJJz3M=
  dependencies:
    no-case "^2.2.0"
    upper-case "^1.1.1"

cheerio-select@^2.1.0:
  version "2.1.0"
  resolved "https://registry.yarnpkg.com/cheerio-select/-/cheerio-select-2.1.0.tgz#4d8673286b8126ca2a8e42740d5e3c4884ae21b4"
  integrity sha512-9v9kG0LvzrlcungtnJtpGNxY+fzECQKhK4EGJX2vByejiMX84MFNQw4UxPJl3bFbTMw+Dfs37XaIkCwTZfLh4g==
  dependencies:
    boolbase "^1.0.0"
    css-select "^5.1.0"
    css-what "^6.1.0"
    domelementtype "^2.3.0"
    domhandler "^5.0.3"
    domutils "^3.0.1"

cheerio@1.0.0-rc.12, cheerio@^1.0.0-rc.12:
  version "1.0.0-rc.12"
  resolved "https://registry.yarnpkg.com/cheerio/-/cheerio-1.0.0-rc.12.tgz#788bf7466506b1c6bf5fae51d24a2c4d62e47683"
  integrity sha512-VqR8m68vM46BNnuZ5NtnGBKIE/DfN0cRIzg9n40EIq9NOv90ayxLBXA8fXC5gquFRGJSTRqBq25Jt2ECLR431Q==
  dependencies:
    cheerio-select "^2.1.0"
    dom-serializer "^2.0.0"
    domhandler "^5.0.3"
    domutils "^3.0.1"
    htmlparser2 "^8.0.1"
    parse5 "^7.0.0"
    parse5-htmlparser2-tree-adapter "^7.0.0"

chokidar@^3.0.0:
  version "3.5.2"
  resolved "https://registry.yarnpkg.com/chokidar/-/chokidar-3.5.2.tgz#dba3976fcadb016f66fd365021d91600d01c1e75"
  integrity sha512-ekGhOnNVPgT77r4K/U3GDhu+FQ2S8TnK/s2KbIGXi0SZWuwkZ2QNyfWdZW+TVfn84DpEP7rLeCt2UI6bJ8GwbQ==
  dependencies:
    anymatch "~3.1.2"
    braces "~3.0.2"
    glob-parent "~5.1.2"
    is-binary-path "~2.1.0"
    is-glob "~4.0.1"
    normalize-path "~3.0.0"
    readdirp "~3.6.0"
  optionalDependencies:
    fsevents "~2.3.2"

clean-css@^4.2.1:
  version "4.2.4"
  resolved "https://registry.yarnpkg.com/clean-css/-/clean-css-4.2.4.tgz#733bf46eba4e607c6891ea57c24a989356831178"
  integrity sha512-EJUDT7nDVFDvaQgAo2G/PJvxmp1o/c6iXLbswsBbUFXi1Nr+AjA2cKmfbKDMjMvzEe75g3P6JkaDDAKk96A85A==
  dependencies:
    source-map "~0.6.0"

cliui@^7.0.2:
  version "7.0.4"
  resolved "https://registry.yarnpkg.com/cliui/-/cliui-7.0.4.tgz#a0265ee655476fc807aea9df3df8df7783808b4f"
  integrity sha512-OcRE68cOsVMXp1Yvonl/fzkQOyjLSu/8bhPDfQt0e0/Eb283TKP20Fs2MqoPsr9SwA595rRCA+QMzYc9nBP+JQ==
  dependencies:
    string-width "^4.2.0"
    strip-ansi "^6.0.0"
    wrap-ansi "^7.0.0"

color-convert@^2.0.1:
  version "2.0.1"
  resolved "https://registry.yarnpkg.com/color-convert/-/color-convert-2.0.1.tgz#72d3a68d598c9bdb3af2ad1e84f21d896abd4de3"
  integrity sha512-RRECPsj7iu/xb5oKYcsFHSppFNnsj/52OVTRKb4zP5onXwVF3zVmmToNcOfGC+CRDpfK/U584fMg38ZHCaElKQ==
  dependencies:
    color-name "~1.1.4"

color-name@~1.1.4:
  version "1.1.4"
  resolved "https://registry.yarnpkg.com/color-name/-/color-name-1.1.4.tgz#c2a09a87acbde69543de6f63fa3995c826c536a2"
  integrity sha512-dOy+3AuW3a2wNbZHIuMZpTcgjGuLU/uBL/ubcZF9OXbDo8ff4O8yVp5Bf0efS8uEoYo5q4Fx7dY9OgQGXgAsQA==

commander@^2.19.0:
  version "2.20.3"
  resolved "https://registry.yarnpkg.com/commander/-/commander-2.20.3.tgz#fd485e84c03eb4881c20722ba48035e8531aeb33"
  integrity sha512-GpVkmM8vF2vQUkj2LvZmD35JxeJOLCwJ9cUkugyk2nuhbv3+mJvpLYYt+0+USMxE+oj+ey/lJEnhZw75x/OMcQ==

commander@^6.1.0:
  version "6.2.1"
  resolved "https://registry.yarnpkg.com/commander/-/commander-6.2.1.tgz#0792eb682dfbc325999bb2b84fddddba110ac73c"
  integrity sha512-U7VdrJFnJgo4xjrHpTzu0yrHPGImdsmD95ZlgYSEajAn2JKzDhDTPG9kBTefmObL2w/ngeZnilk+OV9CG3d7UA==

concat-map@0.0.1:
  version "0.0.1"
  resolved "https://registry.yarnpkg.com/concat-map/-/concat-map-0.0.1.tgz#d8a96bd77fd68df7793a73036a3ba0d5405d477b"
  integrity sha512-/Srv4dswyQNBfohGpz9o6Yb3Gz3SrUDqBH5rTuhGR7ahtlbYKnVxw2bCFMRljaA7EXHaXZ8wsHdodFvbkhKmqg==

config-chain@^1.1.12:
  version "1.1.13"
  resolved "https://registry.yarnpkg.com/config-chain/-/config-chain-1.1.13.tgz#fad0795aa6a6cdaff9ed1b68e9dff94372c232f4"
  integrity sha512-qj+f8APARXHrM0hraqXYb2/bOVSV4PvJQlNZ/DVj0QrmNM2q2euizkeuVckQ57J+W0mRH6Hvi+k50M4Jul2VRQ==
  dependencies:
    ini "^1.3.4"
    proto-list "~1.2.1"

css-select@^5.1.0:
  version "5.1.0"
  resolved "https://registry.yarnpkg.com/css-select/-/css-select-5.1.0.tgz#b8ebd6554c3637ccc76688804ad3f6a6fdaea8a6"
  integrity sha512-nwoRF1rvRRnnCqqY7updORDsuqKzqYJ28+oSMaJMMgOauh3fvwHqMS7EZpIPqK8GL+g9mKxF1vP/ZjSeNjEVHg==
  dependencies:
    boolbase "^1.0.0"
    css-what "^6.1.0"
    domhandler "^5.0.2"
    domutils "^3.0.1"
    nth-check "^2.0.1"

css-what@^6.1.0:
  version "6.1.0"
  resolved "https://registry.yarnpkg.com/css-what/-/css-what-6.1.0.tgz#fb5effcf76f1ddea2c81bdfaa4de44e79bac70f4"
  integrity sha512-HTUrgRJ7r4dsZKU6GjmpfRK1O76h97Z8MfS1G0FozR+oF2kG6Vfe8JE6zwrkbxigziPHinCJ+gCPjA9EaBDtRw==

deepmerge@^4.3.1:
  version "4.3.1"
  resolved "https://registry.yarnpkg.com/deepmerge/-/deepmerge-4.3.1.tgz#44b5f2147cd3b00d4b56137685966f26fd25dd4a"
  integrity sha512-3sUqbMEc77XqpdNO7FRyRog+eW3ph+GYCbj+rK+uYyRMuwsVy0rMiVtPn+QJlKFvWP/1PYpapqYn0Me2knFn+A==

detect-node@2.0.4:
  version "2.0.4"
  resolved "https://registry.yarnpkg.com/detect-node/-/detect-node-2.0.4.tgz#014ee8f8f669c5c58023da64b8179c083a28c46c"
  integrity sha512-ZIzRpLJrOj7jjP2miAtgqIfmzbxa4ZOr5jJc601zklsfEx9oTzmmj2nVpIPRpNlRTIh8lc1kyViIY7BWSGNmKw==

detect-node@^2.0.4:
  version "2.1.0"
  resolved "https://registry.yarnpkg.com/detect-node/-/detect-node-2.1.0.tgz#c9c70775a49c3d03bc2c06d9a73be550f978f8b1"
  integrity sha512-T0NIuQpnTvFDATNuHN5roPwSBG83rFsuO+MXXH9/3N1eFbn4wcPjttvjMLEPWJ0RGUYgQE7cGgS3tNxbqCGM7g==

dom-serializer@^1.0.1:
  version "1.3.2"
  resolved "https://registry.yarnpkg.com/dom-serializer/-/dom-serializer-1.3.2.tgz#6206437d32ceefaec7161803230c7a20bc1b4d91"
  integrity sha512-5c54Bk5Dw4qAxNOI1pFEizPSjVsx5+bpJKmL2kPn8JhBUq2q09tTCa3mjijun2NfK78NMouDYNMBkOrPZiS+ig==
  dependencies:
    domelementtype "^2.0.1"
    domhandler "^4.2.0"
    entities "^2.0.0"

dom-serializer@^2.0.0:
  version "2.0.0"
  resolved "https://registry.yarnpkg.com/dom-serializer/-/dom-serializer-2.0.0.tgz#e41b802e1eedf9f6cae183ce5e622d789d7d8e53"
  integrity sha512-wIkAryiqt/nV5EQKqQpo3SToSOV9J0DnbJqwK7Wv/Trc92zIAYZ4FlMu+JPFW1DfGFt81ZTCGgDEabffXeLyJg==
  dependencies:
    domelementtype "^2.3.0"
    domhandler "^5.0.2"
    entities "^4.2.0"

domelementtype@^2.0.1, domelementtype@^2.2.0:
  version "2.2.0"
  resolved "https://registry.yarnpkg.com/domelementtype/-/domelementtype-2.2.0.tgz#9a0b6c2782ed6a1c7323d42267183df9bd8b1d57"
  integrity sha512-DtBMo82pv1dFtUmHyr48beiuq792Sxohr+8Hm9zoxklYPfa6n0Z3Byjj2IV7bmr2IyqClnqEQhfgHJJ5QF0R5A==

domelementtype@^2.3.0:
  version "2.3.0"
  resolved "https://registry.yarnpkg.com/domelementtype/-/domelementtype-2.3.0.tgz#5c45e8e869952626331d7aab326d01daf65d589d"
  integrity sha512-OLETBj6w0OsagBwdXnPdN0cnMfF9opN69co+7ZrbfPGrdpPVNBUj02spi6B1N7wChLQiPn4CSH/zJvXw56gmHw==

domhandler@^3.3.0:
  version "3.3.0"
  resolved "https://registry.yarnpkg.com/domhandler/-/domhandler-3.3.0.tgz#6db7ea46e4617eb15cf875df68b2b8524ce0037a"
  integrity sha512-J1C5rIANUbuYK+FuFL98650rihynUOEzRLxW+90bKZRWB6A1X1Tf82GxR1qAWLyfNPRvjqfip3Q5tdYlmAa9lA==
  dependencies:
    domelementtype "^2.0.1"

domhandler@^4.2.0:
  version "4.3.0"
  resolved "https://registry.yarnpkg.com/domhandler/-/domhandler-4.3.0.tgz#16c658c626cf966967e306f966b431f77d4a5626"
  integrity sha512-fC0aXNQXqKSFTr2wDNZDhsEYjCiYsDWl3D01kwt25hm1YIPyDGHvvi3rw+PLqHAl/m71MaiF7d5zvBr0p5UB2g==
  dependencies:
    domelementtype "^2.2.0"

domhandler@^5.0.1, domhandler@^5.0.2, domhandler@^5.0.3:
  version "5.0.3"
  resolved "https://registry.yarnpkg.com/domhandler/-/domhandler-5.0.3.tgz#cc385f7f751f1d1fc650c21374804254538c7d31"
  integrity sha512-cgwlv/1iFQiFnU96XXgROh8xTeetsnJiDsTc7TYCLFd9+/WNkIqPTxiM/8pSd8VIrhXGTf1Ny1q1hquVqDJB5w==
  dependencies:
    domelementtype "^2.3.0"

domutils@^2.4.2:
  version "2.8.0"
  resolved "https://registry.yarnpkg.com/domutils/-/domutils-2.8.0.tgz#4437def5db6e2d1f5d6ee859bd95ca7d02048135"
  integrity sha512-w96Cjofp72M5IIhpjgobBimYEfoPjx1Vx0BSX9P30WBdZW2WIKU0T1Bd0kz2eNZ9ikjKgHbEyKx8BB6H1L3h3A==
  dependencies:
    dom-serializer "^1.0.1"
    domelementtype "^2.2.0"
    domhandler "^4.2.0"

domutils@^3.0.1:
  version "3.0.1"
  resolved "https://registry.yarnpkg.com/domutils/-/domutils-3.0.1.tgz#696b3875238338cb186b6c0612bd4901c89a4f1c"
  integrity sha512-z08c1l761iKhDFtfXO04C7kTdPBLi41zwOZl00WS8b5eiaebNpY00HKbztwBq+e3vyqWNwWF3mP9YLUeqIrF+Q==
  dependencies:
    dom-serializer "^2.0.0"
    domelementtype "^2.3.0"
    domhandler "^5.0.1"

editorconfig@^0.15.3:
  version "0.15.3"
  resolved "https://registry.yarnpkg.com/editorconfig/-/editorconfig-0.15.3.tgz#bef84c4e75fb8dcb0ce5cee8efd51c15999befc5"
  integrity sha512-M9wIMFx96vq0R4F+gRpY3o2exzb8hEj/n9S8unZtHSvYjibBp/iMufSzvmOcV/laG0ZtuTVGtiJggPOSW2r93g==
  dependencies:
    commander "^2.19.0"
    lru-cache "^4.1.5"
    semver "^5.6.0"
    sigmund "^1.0.1"

emoji-regex@^8.0.0:
  version "8.0.0"
  resolved "https://registry.yarnpkg.com/emoji-regex/-/emoji-regex-8.0.0.tgz#e818fd69ce5ccfcb404594f842963bf53164cc37"
  integrity sha512-MSjYzcWNOA0ewAHpz0MxpYFvwg6yjy1NG3xteoqz644VCo/RPgnr1/GGt+ic3iJTzQ8Eu3TdM14SawnVUmGE6A==

entities@^2.0.0:
  version "2.2.0"
  resolved "https://registry.yarnpkg.com/entities/-/entities-2.2.0.tgz#098dc90ebb83d8dffa089d55256b351d34c4da55"
  integrity sha512-p92if5Nz619I0w+akJrLZH0MX0Pb5DX39XOwQTtXSdQQOaYH03S1uIQp4mhOZtAXrxq4ViO67YTiLBo2638o9A==

entities@^4.2.0, entities@^4.4.0:
  version "4.4.0"
  resolved "https://registry.yarnpkg.com/entities/-/entities-4.4.0.tgz#97bdaba170339446495e653cfd2db78962900174"
  integrity sha512-oYp7156SP8LkeGD0GF85ad1X9Ai79WtRsZ2gxJqtBuzH+98YUV6jkHEKlZkMbcrjJjIVJNIDP/3WL9wQkoPbWA==

escalade@^3.1.1:
  version "3.1.1"
  resolved "https://registry.yarnpkg.com/escalade/-/escalade-3.1.1.tgz#d8cfdc7000965c5a0174b4a82eaa5c0552742e40"
  integrity sha512-k0er2gUkLf8O0zKJiAhmkTnJlTvINGv7ygDNPbeIsX/TJjGJZHuh9B2UxbsaEkmlEo9MfhrSzmhIlhRlI2GXnw==

escape-goat@^3.0.0:
  version "3.0.0"
  resolved "https://registry.yarnpkg.com/escape-goat/-/escape-goat-3.0.0.tgz#e8b5fb658553fe8a3c4959c316c6ebb8c842b19c"
  integrity sha512-w3PwNZJwRxlp47QGzhuEBldEqVHHhh8/tIPcl6ecf2Bou99cdAt0knihBV0Ecc7CGxYduXVBDheH1K2oADRlvw==

fill-range@^7.0.1:
  version "7.0.1"
  resolved "https://registry.yarnpkg.com/fill-range/-/fill-range-7.0.1.tgz#1919a6a7c75fe38b2c7c77e5198535da9acdda40"
  integrity sha512-qOo9F+dMUmC2Lcb4BbVvnKJxTPjCm+RRpe4gDuGrzkL7mEVl/djYSu2OdQ2Pa302N4oqkSg9ir6jaLWJ2USVpQ==
  dependencies:
    to-regex-range "^5.0.1"

fs.realpath@^1.0.0:
  version "1.0.0"
  resolved "https://registry.yarnpkg.com/fs.realpath/-/fs.realpath-1.0.0.tgz#1504ad2523158caa40db4a2787cb01411994ea4f"
  integrity sha1-FQStJSMVjKpA20onh8sBQRmU6k8=

fsevents@~2.3.2:
  version "2.3.2"
  resolved "https://registry.yarnpkg.com/fsevents/-/fsevents-2.3.2.tgz#8a526f78b8fdf4623b709e0b975c52c24c02fd1a"
  integrity sha512-xiqMQR4xAeHTuB9uWm+fFRcIOgKBMiOBP+eXiyT7jsgVCq1bkVygt00oASowB7EdtpOHaaPgKt812P9ab+DDKA==

get-caller-file@^2.0.5:
  version "2.0.5"
  resolved "https://registry.yarnpkg.com/get-caller-file/-/get-caller-file-2.0.5.tgz#4f94412a82db32f36e3b0b9741f8a97feb031f7e"
  integrity sha512-DyFP3BM/3YHTQOCUL/w0OZHR0lpKeGrxotcHWcqNEdnltqFwXVfhEBQ94eIo34AfQpo0rGki4cyIiftY06h2Fg==

glob-parent@~5.1.2:
  version "5.1.2"
  resolved "https://registry.yarnpkg.com/glob-parent/-/glob-parent-5.1.2.tgz#869832c58034fe68a4093c17dc15e8340d8401c4"
  integrity sha512-AOIgSQCepiJYwP3ARnGx+5VnTu2HBYdzbGP45eLw1vr3zB3vZLeyed1sC9hnbcOc9/SrMyM5RPQrkGz4aS9Zow==
  dependencies:
    is-glob "^4.0.1"

glob@^7.1.1, glob@^7.1.3:
  version "7.2.0"
  resolved "https://registry.yarnpkg.com/glob/-/glob-7.2.0.tgz#d15535af7732e02e948f4c41628bd910293f6023"
  integrity sha512-lmLf6gtyrPq8tTjSmrO94wBeQbFR3HbLHbuyD69wuyQkImp2hWqMGB47OX65FBkPffO641IP9jWa1z4ivqG26Q==
  dependencies:
    fs.realpath "^1.0.0"
    inflight "^1.0.4"
    inherits "2"
    minimatch "^3.0.4"
    once "^1.3.0"
    path-is-absolute "^1.0.0"

he@^1.2.0:
  version "1.2.0"
  resolved "https://registry.yarnpkg.com/he/-/he-1.2.0.tgz#84ae65fa7eafb165fddb61566ae14baf05664f0f"
  integrity sha512-F/1DnUGPopORZi0ni+CvrCgHQ5FyEAHRLSApuYWMmrbSwoN2Mn/7k+Gl38gJnR7yyDZk6WLXwiGod1JOWNDKGw==

html-minifier@^4.0.0:
  version "4.0.0"
  resolved "https://registry.yarnpkg.com/html-minifier/-/html-minifier-4.0.0.tgz#cca9aad8bce1175e02e17a8c33e46d8988889f56"
  integrity sha512-aoGxanpFPLg7MkIl/DDFYtb0iWz7jMFGqFhvEDZga6/4QTjneiD8I/NXL1x5aaoCp7FSIT6h/OhykDdPsbtMig==
  dependencies:
    camel-case "^3.0.0"
    clean-css "^4.2.1"
    commander "^2.19.0"
    he "^1.2.0"
    param-case "^2.1.1"
    relateurl "^0.2.7"
    uglify-js "^3.5.1"

htmlparser2@^5.0.0:
  version "5.0.1"
  resolved "https://registry.yarnpkg.com/htmlparser2/-/htmlparser2-5.0.1.tgz#7daa6fc3e35d6107ac95a4fc08781f091664f6e7"
  integrity sha512-vKZZra6CSe9qsJzh0BjBGXo8dvzNsq/oGvsjfRdOrrryfeD9UOBEEQdeoqCRmKZchF5h2zOBMQ6YuQ0uRUmdbQ==
  dependencies:
    domelementtype "^2.0.1"
    domhandler "^3.3.0"
    domutils "^2.4.2"
    entities "^2.0.0"

htmlparser2@^8.0.1, htmlparser2@^8.0.2:
  version "8.0.2"
  resolved "https://registry.yarnpkg.com/htmlparser2/-/htmlparser2-8.0.2.tgz#f002151705b383e62433b5cf466f5b716edaec21"
  integrity sha512-GYdjWKDkbRLkZ5geuHs5NY1puJ+PXwP7+fHPRz06Eirsb9ugf6d8kkXav6ADhcODhFFPMIXyxkxSuMf3D6NCFA==
  dependencies:
    domelementtype "^2.3.0"
    domhandler "^5.0.3"
    domutils "^3.0.1"
    entities "^4.4.0"

inflight@^1.0.4:
  version "1.0.6"
  resolved "https://registry.yarnpkg.com/inflight/-/inflight-1.0.6.tgz#49bd6331d7d02d0c09bc910a1075ba8165b56df9"
  integrity sha1-Sb1jMdfQLQwJvJEKEHW6gWW1bfk=
  dependencies:
    once "^1.3.0"
    wrappy "1"

inherits@2:
  version "2.0.4"
  resolved "https://registry.yarnpkg.com/inherits/-/inherits-2.0.4.tgz#0fa2c64f932917c3433a0ded55363aae37416b7c"
  integrity sha512-k/vGaX4/Yla3WzyMCvTQOXYeIHvqOKtnqBduzTHpzpQZzAskKMhZ2K+EnBiSM9zGSoIFeMpXKxa4dYeZIQqewQ==

ini@^1.3.4:
  version "1.3.8"
  resolved "https://registry.yarnpkg.com/ini/-/ini-1.3.8.tgz#a29da425b48806f34767a4efce397269af28432c"
  integrity sha512-JV/yugV2uzW5iMRSiZAyDtQd+nxtUnjeLt0acNdw98kKLrvuRVyB80tsREOE7yvGVgalhZ6RNXCmEHkUKBKxew==

is-binary-path@~2.1.0:
  version "2.1.0"
  resolved "https://registry.yarnpkg.com/is-binary-path/-/is-binary-path-2.1.0.tgz#ea1f7f3b80f064236e83470f86c09c254fb45b09"
  integrity sha512-ZMERYes6pDydyuGidse7OsHxtbI7WVeUEozgR/g7rd0xUimYNlvZRE/K2MgZTjWy725IfelLeVcEM97mmtRGXw==
  dependencies:
    binary-extensions "^2.0.0"

is-extglob@^2.1.1:
  version "2.1.1"
  resolved "https://registry.yarnpkg.com/is-extglob/-/is-extglob-2.1.1.tgz#a88c02535791f02ed37c76a1b9ea9773c833f8c2"
  integrity sha1-qIwCU1eR8C7TfHahueqXc8gz+MI=

is-fullwidth-code-point@^3.0.0:
  version "3.0.0"
  resolved "https://registry.yarnpkg.com/is-fullwidth-code-point/-/is-fullwidth-code-point-3.0.0.tgz#f116f8064fe90b3f7844a38997c0b75051269f1d"
  integrity sha512-zymm5+u+sCsSWyD9qNaejV3DFvhCKclKdizYaJUuHA83RLjb7nSuGnddCHGv0hk+KY7BMAlsWeK4Ueg6EV6XQg==

is-glob@^4.0.1, is-glob@~4.0.1:
  version "4.0.3"
  resolved "https://registry.yarnpkg.com/is-glob/-/is-glob-4.0.3.tgz#64f61e42cbbb2eec2071a9dac0b28ba1e65d5084"
  integrity sha512-xelSayHH36ZgE7ZWhli7pW34hNbNl8Ojv5KVmkJD4hBdD3th8Tfk9vYasLM+mXWOZhFkgZfxhLSnrwRr4elSSg==
  dependencies:
    is-extglob "^2.1.1"

is-number@^7.0.0:
  version "7.0.0"
  resolved "https://registry.yarnpkg.com/is-number/-/is-number-7.0.0.tgz#7535345b896734d5f80c4d06c50955527a14f12b"
  integrity sha512-41Cifkg6e8TylSpdtTpeLVMqvSBEVzTttHvERD741+pnZ8ANv0004MRL43QKPDlK9cGvNp6NZWZUBlbGXYxxng==

js-beautify@^1.6.14:
  version "1.14.0"
  resolved "https://registry.yarnpkg.com/js-beautify/-/js-beautify-1.14.0.tgz#2ce790c555d53ce1e3d7363227acf5dc69024c2d"
  integrity sha512-yuck9KirNSCAwyNJbqW+BxJqJ0NLJ4PwBUzQQACl5O3qHMBXVkXb/rD0ilh/Lat/tn88zSZ+CAHOlk0DsY7GuQ==
  dependencies:
    config-chain "^1.1.12"
    editorconfig "^0.15.3"
    glob "^7.1.3"
    nopt "^5.0.0"

juice@^9.0.0:
  version "9.0.0"
  resolved "https://registry.yarnpkg.com/juice/-/juice-9.0.0.tgz#8aed857a896f27f8063e6fba7ecdcd019b4e300c"
  integrity sha512-s/IwgQ4caZq3bSnQZlKfdGUqJWy9WzTzB12WSPko9G8uK74H8BJEQvX7GLmFAQ6SLFgAppqC/TUYepKZZaV+JA==
  dependencies:
    cheerio "^1.0.0-rc.12"
    commander "^6.1.0"
    mensch "^0.3.4"
    slick "^1.12.2"
    web-resource-inliner "^6.0.1"

leac@^0.6.0:
  version "0.6.0"
  resolved "https://registry.yarnpkg.com/leac/-/leac-0.6.0.tgz#dcf136e382e666bd2475f44a1096061b70dc0912"
  integrity sha512-y+SqErxb8h7nE/fiEX07jsbuhrpO9lL8eca7/Y1nuWV2moNlXhyd59iDGcRf6moVyDMbmTNzL40SUyrFU/yDpg==

lodash@^4.17.15, lodash@^4.17.21:
  version "4.17.21"
  resolved "https://registry.yarnpkg.com/lodash/-/lodash-4.17.21.tgz#679591c564c3bffaae8454cf0b3df370c3d6911c"
  integrity sha512-v2kDEe57lecTulaDIuNTPy3Ry4gLGJ6Z1O3vE1krgXZNrsQ+LFTGHVxVjcXPs17LhbZVGedAJv8XZ1tvj5FvSg==

lower-case@^1.1.1:
  version "1.1.4"
  resolved "https://registry.yarnpkg.com/lower-case/-/lower-case-1.1.4.tgz#9a2cabd1b9e8e0ae993a4bf7d5875c39c42e8eac"
  integrity sha1-miyr0bno4K6ZOkv31YdcOcQujqw=

lru-cache@^4.1.5:
  version "4.1.5"
  resolved "https://registry.yarnpkg.com/lru-cache/-/lru-cache-4.1.5.tgz#8bbe50ea85bed59bc9e33dcab8235ee9bcf443cd"
  integrity sha512-sWZlbEP2OsHNkXrMl5GYk/jKk70MBng6UU4YI/qGDYbgf6YbP4EvmqISbXCoJiRKs+1bSpFHVgQxvJ17F2li5g==
  dependencies:
    pseudomap "^1.0.2"
    yallist "^2.1.2"

mensch@^0.3.4:
  version "0.3.4"
  resolved "https://registry.yarnpkg.com/mensch/-/mensch-0.3.4.tgz#770f91b46cb16ea5b204ee735768c3f0c491fecd"
  integrity sha512-IAeFvcOnV9V0Yk+bFhYR07O3yNina9ANIN5MoXBKYJ/RLYPurd2d0yw14MDhpr9/momp0WofT1bPUh3hkzdi/g==

mime@^2.4.6:
  version "2.6.0"
  resolved "https://registry.yarnpkg.com/mime/-/mime-2.6.0.tgz#a2a682a95cd4d0cb1d6257e28f83da7e35800367"
  integrity sha512-USPkMeET31rOMiarsBNIHZKLGgvKc/LrjofAnBlOttf5ajRvqiRA8QsenbcooctK6d6Ts6aqZXBA+XbkKthiQg==

minimatch@^3.0.4:
  version "3.1.2"
  resolved "https://registry.yarnpkg.com/minimatch/-/minimatch-3.1.2.tgz#19cd194bfd3e428f049a70817c038d89ab4be35b"
  integrity sha512-J7p63hRiAjw1NDEww1W7i37+ByIrOWO5XQQAzZ3VOcL0PNybwpfmV/N05zFAzwQ9USyEcX6t3UO+K5aqBQOIHw==
  dependencies:
    brace-expansion "^1.1.7"

mjml-accordion@4.14.1:
  version "4.14.1"
  resolved "https://registry.yarnpkg.com/mjml-accordion/-/mjml-accordion-4.14.1.tgz#39977d426ed4e828614245c8b2e8212085394d14"
  integrity sha512-dpNXyjnhYwhM75JSjD4wFUa9JgHm86M2pa0CoTzdv1zOQz67ilc4BoK5mc2S0gOjJpjBShM5eOJuCyVIuAPC6w==
  dependencies:
    "@babel/runtime" "^7.14.6"
    lodash "^4.17.21"
    mjml-core "4.14.1"

mjml-body@4.14.1:
  version "4.14.1"
  resolved "https://registry.yarnpkg.com/mjml-body/-/mjml-body-4.14.1.tgz#31c79c25a74257ff042e287c09fb363a98e1209f"
  integrity sha512-YpXcK3o2o1U+fhI8f60xahrhXuHmav6BZez9vIN3ZEJOxPFSr+qgr1cT2iyFz50L5+ZsLIVj2ZY+ALQjdsg8ig==
  dependencies:
    "@babel/runtime" "^7.14.6"
    lodash "^4.17.21"
    mjml-core "4.14.1"

mjml-button@4.14.1:
  version "4.14.1"
  resolved "https://registry.yarnpkg.com/mjml-button/-/mjml-button-4.14.1.tgz#a1779555ca4a479c5a52cc0025e8ca0f8e74dad8"
  integrity sha512-V1Tl1vQ3lXYvvqHJHvGcc8URr7V1l/ZOsv7iLV4QRrh7kjKBXaRS7uUJtz6/PzEbNsGQCiNtXrODqcijLWlgaw==
  dependencies:
    "@babel/runtime" "^7.14.6"
    lodash "^4.17.21"
    mjml-core "4.14.1"

mjml-carousel@4.14.1:
  version "4.14.1"
  resolved "https://registry.yarnpkg.com/mjml-carousel/-/mjml-carousel-4.14.1.tgz#dc90116af6adab22bf2074e54165c3b5b7998328"
  integrity sha512-Ku3MUWPk/TwHxVgKEUtzspy/ePaWtN/3z6/qvNik0KIn0ZUIZ4zvR2JtaVL5nd30LHSmUaNj30XMPkCjYiKkFA==
  dependencies:
    "@babel/runtime" "^7.14.6"
    lodash "^4.17.21"
    mjml-core "4.14.1"

mjml-cli@4.14.1:
  version "4.14.1"
  resolved "https://registry.yarnpkg.com/mjml-cli/-/mjml-cli-4.14.1.tgz#4f445e30a3573c9bd57ee6d5a2a6bf8d5b1a0b20"
  integrity sha512-Gy6MnSygFXs0U1qOXTHqBg2vZX2VL/fAacgQzD4MHq4OuybWaTNSzXRwxBXYCxT3IJB874n2Q0Mxp+Xka+tnZg==
  dependencies:
    "@babel/runtime" "^7.14.6"
    chokidar "^3.0.0"
    glob "^7.1.1"
    html-minifier "^4.0.0"
    js-beautify "^1.6.14"
    lodash "^4.17.21"
    mjml-core "4.14.1"
    mjml-migrate "4.14.1"
    mjml-parser-xml "4.14.1"
    mjml-validator "4.13.0"
    yargs "^16.1.0"

mjml-column@4.14.1:
  version "4.14.1"
  resolved "https://registry.yarnpkg.com/mjml-column/-/mjml-column-4.14.1.tgz#828cd4e5f82dcbc6d91bd2ac83d56e7b262becbe"
  integrity sha512-iixVCIX1YJtpQuwG2WbDr7FqofQrlTtGQ4+YAZXGiLThs0En3xNIJFQX9xJ8sgLEGGltyooHiNICBRlzSp9fDg==
  dependencies:
    "@babel/runtime" "^7.14.6"
    lodash "^4.17.21"
    mjml-core "4.14.1"

mjml-core@4.14.1:
  version "4.14.1"
  resolved "https://registry.yarnpkg.com/mjml-core/-/mjml-core-4.14.1.tgz#f748a137c280b89a8d09fab1a988014c3fc8dcd2"
  integrity sha512-di88rSfX+8r4r+cEqlQCO7CRM4mYZrfe2wSCu2je38i+ujjkLpF72cgLnjBlSG5aOUCZgYvlsZ85stqIz9LQfA==
  dependencies:
    "@babel/runtime" "^7.14.6"
    cheerio "1.0.0-rc.12"
    detect-node "^2.0.4"
    html-minifier "^4.0.0"
    js-beautify "^1.6.14"
    juice "^9.0.0"
    lodash "^4.17.21"
    mjml-migrate "4.14.1"
    mjml-parser-xml "4.14.1"
    mjml-validator "4.13.0"

mjml-divider@4.14.1:
  version "4.14.1"
  resolved "https://registry.yarnpkg.com/mjml-divider/-/mjml-divider-4.14.1.tgz#c5f90bffc0cd1321b6a73342163311221dff1d26"
  integrity sha512-agqWY0aW2xaMiUOhYKDvcAAfOLalpbbtjKZAl1vWmNkURaoK4L7MgDilKHSJDFUlHGm2ZOArTrq8i6K0iyThBQ==
  dependencies:
    "@babel/runtime" "^7.14.6"
    lodash "^4.17.21"
    mjml-core "4.14.1"

mjml-group@4.14.1:
  version "4.14.1"
  resolved "https://registry.yarnpkg.com/mjml-group/-/mjml-group-4.14.1.tgz#5c3f1a99f0f338241697c2971964a6f89a1fd2a7"
  integrity sha512-dJt5batgEJ7wxlxzqOfHOI94ABX+8DZBvAlHuddYO4CsLFHYv6XRIArLAMMnAKU76r6p3X8JxYeOjKZXdv49kg==
  dependencies:
    "@babel/runtime" "^7.14.6"
    lodash "^4.17.21"
    mjml-core "4.14.1"

mjml-head-attributes@4.14.1:
  version "4.14.1"
  resolved "https://registry.yarnpkg.com/mjml-head-attributes/-/mjml-head-attributes-4.14.1.tgz#cd864f46e039823c4c0c1070745865dac83101d7"
  integrity sha512-XdUNOp2csK28kBDSistInOyzWNwmu5HDNr4y1Z7vSQ1PfkmiuS6jWG7jHUjdoMhs27e6Leuyyc6a8gWSpqSWrg==
  dependencies:
    "@babel/runtime" "^7.14.6"
    lodash "^4.17.21"
    mjml-core "4.14.1"

mjml-head-breakpoint@4.14.1:
  version "4.14.1"
  resolved "https://registry.yarnpkg.com/mjml-head-breakpoint/-/mjml-head-breakpoint-4.14.1.tgz#60900466174b0e9dc1d763a4836917351a3cc074"
  integrity sha512-Qw9l/W/I5Z9p7I4ShgnEpAL9if4472ejcznbBnp+4Gq+sZoPa7iYoEPsa9UCGutlaCh3N3tIi2qKhl9qD8DFxA==
  dependencies:
    "@babel/runtime" "^7.14.6"
    lodash "^4.17.21"
    mjml-core "4.14.1"

mjml-head-font@4.14.1:
  version "4.14.1"
  resolved "https://registry.yarnpkg.com/mjml-head-font/-/mjml-head-font-4.14.1.tgz#b642dff1f0542df701ececb80f8ca625d9efb48e"
  integrity sha512-oBYm1gaOdEMjE5BoZouRRD4lCNZ1jcpz92NR/F7xDyMaKCGN6T/+r4S5dq1gOLm9zWqClRHaECdFJNEmrDpZqA==
  dependencies:
    "@babel/runtime" "^7.14.6"
    lodash "^4.17.21"
    mjml-core "4.14.1"

mjml-head-html-attributes@4.14.1:
  version "4.14.1"
  resolved "https://registry.yarnpkg.com/mjml-head-html-attributes/-/mjml-head-html-attributes-4.14.1.tgz#c9fddb0e8cb813a7f929c17ee8ae2dfdc397611e"
  integrity sha512-vlJsJc1Sm4Ml2XvLmp01zsdmWmzm6+jNCO7X3eYi9ngEh8LjMCLIQOncnOgjqm9uGpQu2EgUhwvYFZP2luJOVg==
  dependencies:
    "@babel/runtime" "^7.14.6"
    lodash "^4.17.21"
    mjml-core "4.14.1"

mjml-head-preview@4.14.1:
  version "4.14.1"
  resolved "https://registry.yarnpkg.com/mjml-head-preview/-/mjml-head-preview-4.14.1.tgz#b7db35020229aadec857f292f9725cd81014c51f"
  integrity sha512-89gQtt3fhl2dkYpHLF5HDQXz/RLpzecU6wmAIT7Dz6etjLGE1dgq2Ay6Bu/OeHjDcT1gbM131zvBwuXw8OydNw==
  dependencies:
    "@babel/runtime" "^7.14.6"
    lodash "^4.17.21"
    mjml-core "4.14.1"

mjml-head-style@4.14.1:
  version "4.14.1"
  resolved "https://registry.yarnpkg.com/mjml-head-style/-/mjml-head-style-4.14.1.tgz#6bec3b30fd0ac6ca3ee9806d8721c9e32b0968b6"
  integrity sha512-XryOuf32EDuUCBT2k99C1+H87IOM919oY6IqxKFJCDkmsbywKIum7ibhweJdcxiYGONKTC6xjuibGD3fQTTYNQ==
  dependencies:
    "@babel/runtime" "^7.14.6"
    lodash "^4.17.21"
    mjml-core "4.14.1"

mjml-head-title@4.14.1:
  version "4.14.1"
  resolved "https://registry.yarnpkg.com/mjml-head-title/-/mjml-head-title-4.14.1.tgz#ff1af20467e8ea7f65a29bbc0c58e05d98cb45a6"
  integrity sha512-aIfpmlQdf1eJZSSrFodmlC4g5GudBti2eMyG42M7/3NeLM6anEWoe+UkF/6OG4Zy0tCQ40BDJ5iBZlMsjQICzw==
  dependencies:
    "@babel/runtime" "^7.14.6"
    lodash "^4.17.21"
    mjml-core "4.14.1"

mjml-head@4.14.1:
  version "4.14.1"
  resolved "https://registry.yarnpkg.com/mjml-head/-/mjml-head-4.14.1.tgz#27ae83d9023b6b2126cd4dd105685b0b08a8baa3"
  integrity sha512-KoCbtSeTAhx05Ugn9TB2UYt5sQinSCb7RGRer5iPQ3CrXj8hT5B5Svn6qvf/GACPkWl4auExHQh+XgLB+r3OEA==
  dependencies:
    "@babel/runtime" "^7.14.6"
    lodash "^4.17.21"
    mjml-core "4.14.1"

mjml-hero@4.14.1:
  version "4.14.1"
  resolved "https://registry.yarnpkg.com/mjml-hero/-/mjml-hero-4.14.1.tgz#6e969e24ae1eacff037c3170849f1eb51cda1253"
  integrity sha512-TQJ3yfjrKYGkdEWjHLHhL99u/meKFYgnfJvlo9xeBvRjSM696jIjdqaPHaunfw4CP6d2OpCIMuacgOsvqQMWOA==
  dependencies:
    "@babel/runtime" "^7.14.6"
    lodash "^4.17.21"
    mjml-core "4.14.1"

mjml-image@4.14.1:
  version "4.14.1"
  resolved "https://registry.yarnpkg.com/mjml-image/-/mjml-image-4.14.1.tgz#825566ce9d79692b3c841f85597e533217a0a960"
  integrity sha512-jfKLPHXuFq83okwlNM1Um/AEWeVDgs2JXIOsWp2TtvXosnRvGGMzA5stKLYdy1x6UfKF4c1ovpMS162aYGp+xQ==
  dependencies:
    "@babel/runtime" "^7.14.6"
    lodash "^4.17.21"
    mjml-core "4.14.1"

mjml-migrate@4.14.1:
  version "4.14.1"
  resolved "https://registry.yarnpkg.com/mjml-migrate/-/mjml-migrate-4.14.1.tgz#e3e1402f9310c1fed8a0a1c800fab316fbc56d12"
  integrity sha512-d+9HKQOhZi3ZFAaFSDdjzJX9eDQGjMf3BArLWNm2okC4ZgfJSpOc77kgCyFV8ugvwc8fFegPnSV60Jl4xtvK2A==
  dependencies:
    "@babel/runtime" "^7.14.6"
    js-beautify "^1.6.14"
    lodash "^4.17.21"
    mjml-core "4.14.1"
    mjml-parser-xml "4.14.1"
    yargs "^16.1.0"

mjml-navbar@4.14.1:
  version "4.14.1"
  resolved "https://registry.yarnpkg.com/mjml-navbar/-/mjml-navbar-4.14.1.tgz#7979049759a7850f239fd2ee63bc47cc02c5c2e9"
  integrity sha512-rNy1Kw8CR3WQ+M55PFBAUDz2VEOjz+sk06OFnsnmNjoMVCjo1EV7OFLDAkmxAwqkC8h4zQWEOFY0MBqqoAg7+A==
  dependencies:
    "@babel/runtime" "^7.14.6"
    lodash "^4.17.21"
    mjml-core "4.14.1"

mjml-parser-xml@4.14.1:
  version "4.14.1"
  resolved "https://registry.yarnpkg.com/mjml-parser-xml/-/mjml-parser-xml-4.14.1.tgz#bf20f06614569a2adf017698bb411e16dcd831c2"
  integrity sha512-9WQVeukbXfq9DUcZ8wOsHC6BTdhaVwTAJDYMIQglXLwKwN7I4pTCguDDHy5d0kbbzK5OCVxCdZe+bfVI6XANOQ==
  dependencies:
    "@babel/runtime" "^7.14.6"
    detect-node "2.0.4"
    htmlparser2 "^8.0.1"
    lodash "^4.17.15"

mjml-preset-core@4.14.1:
  version "4.14.1"
  resolved "https://registry.yarnpkg.com/mjml-preset-core/-/mjml-preset-core-4.14.1.tgz#9b465f4d1227c928497973b34c5d0903f04dc649"
  integrity sha512-uUCqK9Z9d39rwB/+JDV2KWSZGB46W7rPQpc9Xnw1DRP7wD7qAfJwK6AZFCwfTgWdSxw0PwquVNcrUS9yBa9uhw==
  dependencies:
    "@babel/runtime" "^7.14.6"
    mjml-accordion "4.14.1"
    mjml-body "4.14.1"
    mjml-button "4.14.1"
    mjml-carousel "4.14.1"
    mjml-column "4.14.1"
    mjml-divider "4.14.1"
    mjml-group "4.14.1"
    mjml-head "4.14.1"
    mjml-head-attributes "4.14.1"
    mjml-head-breakpoint "4.14.1"
    mjml-head-font "4.14.1"
    mjml-head-html-attributes "4.14.1"
    mjml-head-preview "4.14.1"
    mjml-head-style "4.14.1"
    mjml-head-title "4.14.1"
    mjml-hero "4.14.1"
    mjml-image "4.14.1"
    mjml-navbar "4.14.1"
    mjml-raw "4.14.1"
    mjml-section "4.14.1"
    mjml-social "4.14.1"
    mjml-spacer "4.14.1"
    mjml-table "4.14.1"
    mjml-text "4.14.1"
    mjml-wrapper "4.14.1"

mjml-raw@4.14.1:
  version "4.14.1"
  resolved "https://registry.yarnpkg.com/mjml-raw/-/mjml-raw-4.14.1.tgz#d543e40f7e1c3468593d6783e7e4ce10bfd9b2d8"
  integrity sha512-9+4wzoXnCtfV6QPmjfJkZ50hxFB4Z8QZnl2Ac0D1Cn3dUF46UkmO5NLMu7UDIlm5DdFyycZrMOwvZS4wv9ksPw==
  dependencies:
    "@babel/runtime" "^7.14.6"
    lodash "^4.17.21"
    mjml-core "4.14.1"

mjml-section@4.14.1:
  version "4.14.1"
  resolved "https://registry.yarnpkg.com/mjml-section/-/mjml-section-4.14.1.tgz#3309aae46aca1b33f034c5f3b9dad883c52f2267"
  integrity sha512-Ik5pTUhpT3DOfB3hEmAWp8rZ0ilWtIivnL8XdUJRfgYE9D+MCRn+reIO+DAoJHxiQoI6gyeKkIP4B9OrQ7cHQw==
  dependencies:
    "@babel/runtime" "^7.14.6"
    lodash "^4.17.21"
    mjml-core "4.14.1"

mjml-social@4.14.1:
  version "4.14.1"
  resolved "https://registry.yarnpkg.com/mjml-social/-/mjml-social-4.14.1.tgz#7fe45c7c8c328142d2514e5c61d8c3939ee97e3f"
  integrity sha512-G44aOZXgZHukirjkeQWTTV36UywtE2YvSwWGNfo/8d+k5JdJJhCIrlwaahyKEAyH63G1B0Zt8b2lEWx0jigYUw==
  dependencies:
    "@babel/runtime" "^7.14.6"
    lodash "^4.17.21"
    mjml-core "4.14.1"

mjml-spacer@4.14.1:
  version "4.14.1"
  resolved "https://registry.yarnpkg.com/mjml-spacer/-/mjml-spacer-4.14.1.tgz#24fa57fb5e7781825ab3f03c1bec108afd0e97da"
  integrity sha512-5SfQCXTd3JBgRH1pUy6NVZ0lXBiRqFJPVHBdtC3OFvUS3q1w16eaAXlIUWMKTfy8CKhQrCiE6m65kc662ZpYxA==
  dependencies:
    "@babel/runtime" "^7.14.6"
    lodash "^4.17.21"
    mjml-core "4.14.1"

mjml-table@4.14.1:
  version "4.14.1"
  resolved "https://registry.yarnpkg.com/mjml-table/-/mjml-table-4.14.1.tgz#f22ff9ec9b74cd4c3d677866b68e740b07fdf700"
  integrity sha512-aVBdX3WpyKVGh/PZNn2KgRem+PQhWlvnD00DKxDejRBsBSKYSwZ0t3EfFvZOoJ9DzfHsN0dHuwd6Z18Ps44NFQ==
  dependencies:
    "@babel/runtime" "^7.14.6"
    lodash "^4.17.21"
    mjml-core "4.14.1"

mjml-text@4.14.1:
  version "4.14.1"
  resolved "https://registry.yarnpkg.com/mjml-text/-/mjml-text-4.14.1.tgz#09ba10828976fc7e2493ac3187f6a6e5e5b50442"
  integrity sha512-yZuvf5z6qUxEo5CqOhCUltJlR6oySKVcQNHwoV5sneMaKdmBiaU4VDnlYFera9gMD9o3KBHIX6kUg7EHnCwBRQ==
  dependencies:
    "@babel/runtime" "^7.14.6"
    lodash "^4.17.21"
    mjml-core "4.14.1"

mjml-validator@4.13.0:
  version "4.13.0"
  resolved "https://registry.yarnpkg.com/mjml-validator/-/mjml-validator-4.13.0.tgz#a05bac51535cb8073a253304105ffbaf88f85d26"
  integrity sha512-uURYfyQYtHJ6Qz/1A7/+E9ezfcoISoLZhYK3olsxKRViwaA2Mm8gy/J3yggZXnsUXWUns7Qymycm5LglLEIiQg==
  dependencies:
    "@babel/runtime" "^7.14.6"

mjml-wrapper@4.14.1:
  version "4.14.1"
  resolved "https://registry.yarnpkg.com/mjml-wrapper/-/mjml-wrapper-4.14.1.tgz#d52478d0529584343aa7924a012e26c084673ae0"
  integrity sha512-aA5Xlq6d0hZ5LY+RvSaBqmVcLkvPvdhyAv3vQf3G41Gfhel4oIPmkLnVpHselWhV14A0KwIOIAKVxHtSAxyOTQ==
  dependencies:
    "@babel/runtime" "^7.14.6"
    lodash "^4.17.21"
    mjml-core "4.14.1"
    mjml-section "4.14.1"

mjml@4.14.1:
  version "4.14.1"
  resolved "https://registry.yarnpkg.com/mjml/-/mjml-4.14.1.tgz#4c9ca49bb6a4df51c204d2448e3385d5e166ec00"
  integrity sha512-f/wnWWIVbeb/ge3ff7c/KYYizI13QbGIp03odwwkCThsJsacw4gpZZAU7V4gXY3HxSXP2/q3jxOfaHVbkfNpOQ==
  dependencies:
    "@babel/runtime" "^7.14.6"
    mjml-cli "4.14.1"
    mjml-core "4.14.1"
    mjml-migrate "4.14.1"
    mjml-preset-core "4.14.1"
    mjml-validator "4.13.0"

no-case@^2.2.0:
  version "2.3.2"
  resolved "https://registry.yarnpkg.com/no-case/-/no-case-2.3.2.tgz#60b813396be39b3f1288a4c1ed5d1e7d28b464ac"
  integrity sha512-rmTZ9kz+f3rCvK2TD1Ue/oZlns7OGoIWP4fc3llxxRXlOkHKoWPPWJOfFYpITabSow43QJbRIoHQXtt10VldyQ==
  dependencies:
    lower-case "^1.1.1"

node-fetch@^2.6.0:
  version "2.6.7"
  resolved "https://registry.yarnpkg.com/node-fetch/-/node-fetch-2.6.7.tgz#24de9fba827e3b4ae44dc8b20256a379160052ad"
  integrity sha512-ZjMPFEfVx5j+y2yF35Kzx5sF7kDzxuDj6ziH4FFbOp87zKDZNx8yExJIb05OGF4Nlt9IHFIMBkRl41VdvcNdbQ==
  dependencies:
    whatwg-url "^5.0.0"

nopt@^5.0.0:
  version "5.0.0"
  resolved "https://registry.yarnpkg.com/nopt/-/nopt-5.0.0.tgz#530942bb58a512fccafe53fe210f13a25355dc88"
  integrity sha512-Tbj67rffqceeLpcRXrT7vKAN8CwfPeIBgM7E6iBkmKLV7bEMwpGgYLGv0jACUsECaa/vuxP0IjEont6umdMgtQ==
  dependencies:
    abbrev "1"

normalize-path@^3.0.0, normalize-path@~3.0.0:
  version "3.0.0"
  resolved "https://registry.yarnpkg.com/normalize-path/-/normalize-path-3.0.0.tgz#0dcd69ff23a1c9b11fd0978316644a0388216a65"
  integrity sha512-6eZs5Ls3WtCisHWp9S2GUy8dqkpGi4BVSz3GaqiE6ezub0512ESztXUwUB6C6IKbQkY2Pnb/mD4WYojCRwcwLA==

nth-check@^2.0.1:
  version "2.0.1"
  resolved "https://registry.yarnpkg.com/nth-check/-/nth-check-2.0.1.tgz#2efe162f5c3da06a28959fbd3db75dbeea9f0fc2"
  integrity sha512-it1vE95zF6dTT9lBsYbxvqh0Soy4SPowchj0UBGj/V6cTPnXXtQOPUbhZ6CmGzAD/rW22LQK6E96pcdJXk4A4w==
  dependencies:
    boolbase "^1.0.0"

once@^1.3.0:
  version "1.4.0"
  resolved "https://registry.yarnpkg.com/once/-/once-1.4.0.tgz#583b1aa775961d4b113ac17d9c50baef9dd76bd1"
  integrity sha1-WDsap3WWHUsROsF9nFC6753Xa9E=
  dependencies:
    wrappy "1"

param-case@^2.1.1:
  version "2.1.1"
  resolved "https://registry.yarnpkg.com/param-case/-/param-case-2.1.1.tgz#df94fd8cf6531ecf75e6bef9a0858fbc72be2247"
  integrity sha1-35T9jPZTHs915r75oIWPvHK+Ikc=
  dependencies:
    no-case "^2.2.0"

parse5-htmlparser2-tree-adapter@^7.0.0:
  version "7.0.0"
  resolved "https://registry.yarnpkg.com/parse5-htmlparser2-tree-adapter/-/parse5-htmlparser2-tree-adapter-7.0.0.tgz#23c2cc233bcf09bb7beba8b8a69d46b08c62c2f1"
  integrity sha512-B77tOZrqqfUfnVcOrUvfdLbz4pu4RopLD/4vmu3HUPswwTA8OH0EMW9BlWR2B0RCoiZRAHEUu7IxeP1Pd1UU+g==
  dependencies:
    domhandler "^5.0.2"
    parse5 "^7.0.0"

parse5@^7.0.0:
  version "7.1.2"
  resolved "https://registry.yarnpkg.com/parse5/-/parse5-7.1.2.tgz#0736bebbfd77793823240a23b7fc5e010b7f8e32"
  integrity sha512-Czj1WaSVpaoj0wbhMzLmWD69anp2WH7FXMB9n1Sy8/ZFF9jolSQVMu1Ij5WIyGmcBmhk7EOndpO4mIpihVqAXw==
  dependencies:
    entities "^4.4.0"

parseley@^0.12.0:
  version "0.12.0"
  resolved "https://registry.yarnpkg.com/parseley/-/parseley-0.12.0.tgz#e0dc6b0f99201d136ce756d5f3cec9461ad09830"
  integrity sha512-uLqDm6IQVb6m50a3dIxF66hI8VWr7wFDYUULtHa1ITRh9mwYIXzFpPTkPM66Cm5V0t+bMyeSHgUCGzoXTV96LQ==
  dependencies:
    leac "^0.6.0"
    peberminta "^0.9.0"

path-is-absolute@^1.0.0:
  version "1.0.1"
  resolved "https://registry.yarnpkg.com/path-is-absolute/-/path-is-absolute-1.0.1.tgz#174b9268735534ffbc7ace6bf53a5a9e1b5c5f5f"
  integrity sha1-F0uSaHNVNP+8es5r9TpanhtcX18=

peberminta@^0.8.0:
  version "0.8.0"
  resolved "https://registry.yarnpkg.com/peberminta/-/peberminta-0.8.0.tgz#acf7b105f3d13c8ac28cad81f2f5fe4698507590"
  integrity sha512-YYEs+eauIjDH5nUEGi18EohWE0nV2QbGTqmxQcqgZ/0g+laPCQmuIqq7EBLVi9uim9zMgfJv0QBZEnQ3uHw/Tw==

peberminta@^0.9.0:
  version "0.9.0"
  resolved "https://registry.yarnpkg.com/peberminta/-/peberminta-0.9.0.tgz#8ec9bc0eb84b7d368126e71ce9033501dca2a352"
  integrity sha512-XIxfHpEuSJbITd1H3EeQwpcZbTLHc+VVr8ANI9t5sit565tsI4/xK3KWTUFE2e6QiangUkh3B0jihzmGnNrRsQ==

picomatch@^2.0.4, picomatch@^2.2.1:
  version "2.3.1"
  resolved "https://registry.yarnpkg.com/picomatch/-/picomatch-2.3.1.tgz#3ba3833733646d9d3e4995946c1365a67fb07a42"
  integrity sha512-JU3teHTNjmE2VCGFzuY8EXzCDVwEqB2a8fsIvwaStHhAWJEeVd1o1QD80CU6+ZdEXXSLbSsuLwJjkCBWqRQUVA==

proto-list@~1.2.1:
  version "1.2.4"
  resolved "https://registry.yarnpkg.com/proto-list/-/proto-list-1.2.4.tgz#212d5bfe1318306a420f6402b8e26ff39647a849"
  integrity sha1-IS1b/hMYMGpCD2QCuOJv85ZHqEk=

pseudomap@^1.0.2:
  version "1.0.2"
  resolved "https://registry.yarnpkg.com/pseudomap/-/pseudomap-1.0.2.tgz#f052a28da70e618917ef0a8ac34c1ae5a68286b3"
  integrity sha1-8FKijacOYYkX7wqKw0wa5aaChrM=

readdirp@~3.6.0:
  version "3.6.0"
  resolved "https://registry.yarnpkg.com/readdirp/-/readdirp-3.6.0.tgz#74a370bd857116e245b29cc97340cd431a02a6c7"
  integrity sha512-hOS089on8RduqdbhvQ5Z37A0ESjsqz6qnRcffsMU3495FuTdqSm+7bhJ29JvIOsBDEEnan5DPu9t3To9VRlMzA==
  dependencies:
    picomatch "^2.2.1"

regenerator-runtime@^0.13.4:
  version "0.13.9"
  resolved "https://registry.yarnpkg.com/regenerator-runtime/-/regenerator-runtime-0.13.9.tgz#8925742a98ffd90814988d7566ad30ca3b263b52"
  integrity sha512-p3VT+cOEgxFsRRA9X4lkI1E+k2/CtnKtU4gcxyaCUreilL/vqI6CdZ3wxVUx3UOUg+gnUOQQcRI7BmSI656MYA==

relateurl@^0.2.7:
  version "0.2.7"
  resolved "https://registry.yarnpkg.com/relateurl/-/relateurl-0.2.7.tgz#54dbf377e51440aca90a4cd274600d3ff2d888a9"
  integrity sha1-VNvzd+UUQKypCkzSdGANP/LYiKk=

require-directory@^2.1.1:
  version "2.1.1"
  resolved "https://registry.yarnpkg.com/require-directory/-/require-directory-2.1.1.tgz#8c64ad5fd30dab1c976e2344ffe7f792a6a6df42"
  integrity sha1-jGStX9MNqxyXbiNE/+f3kqam30I=

selderee@^0.11.0:
  version "0.11.0"
  resolved "https://registry.yarnpkg.com/selderee/-/selderee-0.11.0.tgz#6af0c7983e073ad3e35787ffe20cefd9daf0ec8a"
  integrity sha512-5TF+l7p4+OsnP8BCCvSyZiSPc4x4//p5uPwK8TCnVPJYRmU2aYKMpOXvw8zM5a5JvuuCGN1jmsMwuU2W02ukfA==
  dependencies:
    parseley "^0.12.0"

semver@^5.6.0:
  version "5.7.1"
  resolved "https://registry.yarnpkg.com/semver/-/semver-5.7.1.tgz#a954f931aeba508d307bbf069eff0c01c96116f7"
  integrity sha512-sauaDf/PZdVgrLTNYHRtpXa1iRiKcaebiKQ1BJdpQlWH2lCvexQdX55snPFyK7QzpudqbCI0qXFfOasHdyNDGQ==

sigmund@^1.0.1:
  version "1.0.1"
  resolved "https://registry.yarnpkg.com/sigmund/-/sigmund-1.0.1.tgz#3ff21f198cad2175f9f3b781853fd94d0d19b590"
  integrity sha1-P/IfGYytIXX587eBhT/ZTQ0ZtZA=

slick@^1.12.2:
  version "1.12.2"
  resolved "https://registry.yarnpkg.com/slick/-/slick-1.12.2.tgz#bd048ddb74de7d1ca6915faa4a57570b3550c2d7"
  integrity sha1-vQSN23TefRymkV+qSldXCzVQwtc=

source-map@~0.6.0:
  version "0.6.1"
  resolved "https://registry.yarnpkg.com/source-map/-/source-map-0.6.1.tgz#74722af32e9614e9c287a8d0bbde48b5e2f1a263"
  integrity sha512-UjgapumWlbMhkBgzT7Ykc5YXUT46F0iKu8SGXq0bcwP5dz/h0Plj6enJqjz1Zbq2l5WaqYnrVbwWOWMyF3F47g==

string-width@^4.1.0, string-width@^4.2.0:
  version "4.2.3"
  resolved "https://registry.yarnpkg.com/string-width/-/string-width-4.2.3.tgz#269c7117d27b05ad2e536830a8ec895ef9c6d010"
  integrity sha512-wKyQRQpjJ0sIp62ErSZdGsjMJWsap5oRNihHhu6G7JVO/9jIB6UyevL+tXuOqrng8j/cxKTWyWUwvSTriiZz/g==
  dependencies:
    emoji-regex "^8.0.0"
    is-fullwidth-code-point "^3.0.0"
    strip-ansi "^6.0.1"

strip-ansi@^6.0.0, strip-ansi@^6.0.1:
  version "6.0.1"
  resolved "https://registry.yarnpkg.com/strip-ansi/-/strip-ansi-6.0.1.tgz#9e26c63d30f53443e9489495b2105d37b67a85d9"
  integrity sha512-Y38VPSHcqkFrCpFnQ9vuSXmquuv5oXOKpGeT6aGrr3o3Gc9AlVa6JBfUSOCnbxGGZF+/0ooI7KrPuUSztUdU5A==
  dependencies:
    ansi-regex "^5.0.1"

to-regex-range@^5.0.1:
  version "5.0.1"
  resolved "https://registry.yarnpkg.com/to-regex-range/-/to-regex-range-5.0.1.tgz#1648c44aae7c8d988a326018ed72f5b4dd0392e4"
  integrity sha512-65P7iz6X5yEr1cwcgvQxbbIw7Uk3gOy5dIdtZ4rDveLqhrdJP+Li/Hx6tyK0NEb+2GCyneCMJiGqrADCSNk8sQ==
  dependencies:
    is-number "^7.0.0"

tr46@~0.0.3:
  version "0.0.3"
  resolved "https://registry.yarnpkg.com/tr46/-/tr46-0.0.3.tgz#8184fd347dac9cdc185992f3a6622e14b9d9ab6a"
  integrity sha1-gYT9NH2snNwYWZLzpmIuFLnZq2o=

uglify-js@^3.5.1:
  version "3.14.5"
  resolved "https://registry.yarnpkg.com/uglify-js/-/uglify-js-3.14.5.tgz#cdabb7d4954231d80cb4a927654c4655e51f4859"
  integrity sha512-qZukoSxOG0urUTvjc2ERMTcAy+BiFh3weWAkeurLwjrCba73poHmG3E36XEjd/JGukMzwTL7uCxZiAexj8ppvQ==

upper-case@^1.1.1:
  version "1.1.3"
  resolved "https://registry.yarnpkg.com/upper-case/-/upper-case-1.1.3.tgz#f6b4501c2ec4cdd26ba78be7222961de77621598"
  integrity sha1-9rRQHC7EzdJrp4vnIilh3ndiFZg=

valid-data-url@^3.0.0:
  version "3.0.1"
  resolved "https://registry.yarnpkg.com/valid-data-url/-/valid-data-url-3.0.1.tgz#826c1744e71b5632e847dd15dbd45b9fb38aa34f"
  integrity sha512-jOWVmzVceKlVVdwjNSenT4PbGghU0SBIizAev8ofZVgivk/TVHXSbNL8LP6M3spZvkR9/QolkyJavGSX5Cs0UA==

web-resource-inliner@^6.0.1:
  version "6.0.1"
  resolved "https://registry.yarnpkg.com/web-resource-inliner/-/web-resource-inliner-6.0.1.tgz#df0822f0a12028805fe80719ed52ab6526886e02"
  integrity sha512-kfqDxt5dTB1JhqsCUQVFDj0rmY+4HLwGQIsLPbyrsN9y9WV/1oFDSx3BQ4GfCv9X+jVeQ7rouTqwK53rA/7t8A==
  dependencies:
    ansi-colors "^4.1.1"
    escape-goat "^3.0.0"
    htmlparser2 "^5.0.0"
    mime "^2.4.6"
    node-fetch "^2.6.0"
    valid-data-url "^3.0.0"

webidl-conversions@^3.0.0:
  version "3.0.1"
  resolved "https://registry.yarnpkg.com/webidl-conversions/-/webidl-conversions-3.0.1.tgz#24534275e2a7bc6be7bc86611cc16ae0a5654871"
  integrity sha1-JFNCdeKnvGvnvIZhHMFq4KVlSHE=

whatwg-url@^5.0.0:
  version "5.0.0"
  resolved "https://registry.yarnpkg.com/whatwg-url/-/whatwg-url-5.0.0.tgz#966454e8765462e37644d3626f6742ce8b70965d"
  integrity sha1-lmRU6HZUYuN2RNNib2dCzotwll0=
  dependencies:
    tr46 "~0.0.3"
    webidl-conversions "^3.0.0"

wrap-ansi@^7.0.0:
  version "7.0.0"
  resolved "https://registry.yarnpkg.com/wrap-ansi/-/wrap-ansi-7.0.0.tgz#67e145cff510a6a6984bdf1152911d69d2eb9e43"
  integrity sha512-YVGIj2kamLSTxw6NsZjoBxfSwsn0ycdesmc4p+Q21c5zPuZ1pl+NfxVdxPtdHvmNVOQ6XSYG4AUtyt/Fi7D16Q==
  dependencies:
    ansi-styles "^4.0.0"
    string-width "^4.1.0"
    strip-ansi "^6.0.0"

wrappy@1:
  version "1.0.2"
  resolved "https://registry.yarnpkg.com/wrappy/-/wrappy-1.0.2.tgz#b5243d8f3ec1aa35f1364605bc0d1036e30ab69f"
  integrity sha1-tSQ9jz7BqjXxNkYFvA0QNuMKtp8=

y18n@^5.0.5:
  version "5.0.8"
  resolved "https://registry.yarnpkg.com/y18n/-/y18n-5.0.8.tgz#7f4934d0f7ca8c56f95314939ddcd2dd91ce1d55"
  integrity sha512-0pfFzegeDWJHJIAmTLRP2DwHjdF5s7jo9tuztdQxAhINCdvS+3nGINqPd00AphqJR/0LhANUS6/+7SCb98YOfA==

yallist@^2.1.2:
  version "2.1.2"
  resolved "https://registry.yarnpkg.com/yallist/-/yallist-2.1.2.tgz#1c11f9218f076089a47dd512f93c6699a6a81d52"
  integrity sha1-HBH5IY8HYImkfdUS+TxmmaaoHVI=

yargs-parser@^20.2.2:
  version "20.2.9"
  resolved "https://registry.yarnpkg.com/yargs-parser/-/yargs-parser-20.2.9.tgz#2eb7dc3b0289718fc295f362753845c41a0c94ee"
  integrity sha512-y11nGElTIV+CT3Zv9t7VKl+Q3hTQoT9a1Qzezhhl6Rp21gJ/IVTW7Z3y9EWXhuUBC2Shnf+DX0antecpAwSP8w==

yargs@^16.1.0:
  version "16.2.0"
  resolved "https://registry.yarnpkg.com/yargs/-/yargs-16.2.0.tgz#1c82bf0f6b6a66eafce7ef30e376f49a12477f66"
  integrity sha512-D1mvvtDG0L5ft/jGWkLpG1+m0eQxOfaBvTNELraWj22wSVUMWxZUvYgJYcKh6jGGIkJFhH4IZPQhR4TKpc8mBw==
  dependencies:
    cliui "^7.0.2"
    escalade "^3.1.1"
    get-caller-file "^2.0.5"
    require-directory "^2.1.1"
    string-width "^4.2.0"
    y18n "^5.0.5"
    yargs-parser "^20.2.2"
